
Microsoft Visual Studio Solution File, Format Version 12.00
# Visual Studio Version 17
VisualStudioVersion = 17.13.35913.81 d17.13
MinimumVisualStudioVersion = 10.0.40219.1
Project("{FAE04EC0-301F-11D3-BF4B-00C04F79EFBC}") = "ConsoleApp8", "ConsoleApp8\ConsoleApp8.csproj", "{7CFB0C67-01AB-44A6-B616-2C24BF9A2CBB}"
EndProject
Global
	GlobalSection(SolutionConfigurationPlatforms) = preSolution
		Debug|Any CPU = Debug|Any CPU
		Release|Any CPU = Release|Any CPU
	EndGlobalSection
	GlobalSection(ProjectConfigurationPlatforms) = postSolution
		{7CFB0C67-01AB-44A6-B616-2C24BF9A2CBB}.Debug|Any CPU.ActiveCfg = Debug|Any CPU
		{7CFB0C67-01AB-44A6-B616-2C24BF9A2CBB}.Debug|Any CPU.Build.0 = Debug|Any CPU
		{7CFB0C67-01AB-44A6-B616-2C24BF9A2CBB}.Release|Any CPU.ActiveCfg = Release|Any CPU
		{7CFB0C67-01AB-44A6-B616-2C24BF9A2CBB}.Release|Any CPU.Build.0 = Release|Any CPU
	EndGlobalSection
	GlobalSection(SolutionProperties) = preSolution
		HideSolutionNode = FALSE
	EndGlobalSection
	GlobalSection(ExtensibilityGlobals) = postSolution
		SolutionGuid = {066F0C50-733E-48DB-B507-98DBEFEEA244}
	EndGlobalSection
EndGlobal
